
Microsoft Visual Studio Solution File, Format Version 12.00
# Visual Studio Version 17
VisualStudioVersion = 17.11.35303.130
MinimumVisualStudioVersion = 10.0.40219.1
Project("{FAE04EC0-301F-11D3-BF4B-00C04F79EFBC}") = "PasswordManagerSSDw41", "PasswordManagerSSDw41.csproj", "{6C9158B1-4E43-4000-A89B-FEF442006128}"
EndProject
Global
	GlobalSection(SolutionConfigurationPlatforms) = preSolution
		Debug|Any CPU = Debug|Any CPU
		Release|Any CPU = Release|Any CPU
	EndGlobalSection
	GlobalSection(ProjectConfigurationPlatforms) = postSolution
		{6C9158B1-4E43-4000-A89B-FEF442006128}.Debug|Any CPU.ActiveCfg = Debug|Any CPU
		{6C9158B1-4E43-4000-A89B-FEF442006128}.Debug|Any CPU.Build.0 = Debug|Any CPU
		{6C9158B1-4E43-4000-A89B-FEF442006128}.Release|Any CPU.ActiveCfg = Release|Any CPU
		{6C9158B1-4E43-4000-A89B-FEF442006128}.Release|Any CPU.Build.0 = Release|Any CPU
	EndGlobalSection
	GlobalSection(SolutionProperties) = preSolution
		HideSolutionNode = FALSE
	EndGlobalSection
	GlobalSection(ExtensibilityGlobals) = postSolution
		SolutionGuid = {3E13B817-AA61-41DB-A06C-B08B34FF121A}
	EndGlobalSection
EndGlobal
